
Microsoft Visual Studio Solution File, Format Version 12.00
# Visual Studio 15
VisualStudioVersion = 15.0.28307.572
MinimumVisualStudioVersion = 10.0.40219.1
Project("{8BC9CEB8-8B4A-11D0-8D11-00A0C91BC942}") = "CLRtry1", "CLRtry1\CLRtry1.vcxproj", "{DE0552F1-4EB4-46CC-9558-8ED047676BBF}"
EndProject
Global
	GlobalSection(SolutionConfigurationPlatforms) = preSolution
		Debug|x64 = Debug|x64
		Debug|x86 = Debug|x86
		Release|x64 = Release|x64
		Release|x86 = Release|x86
	EndGlobalSection
	GlobalSection(ProjectConfigurationPlatforms) = postSolution
		{DE0552F1-4EB4-46CC-9558-8ED047676BBF}.Debug|x64.ActiveCfg = Debug|x64
		{DE0552F1-4EB4-46CC-9558-8ED047676BBF}.Debug|x64.Build.0 = Debug|x64
		{DE0552F1-4EB4-46CC-9558-8ED047676BBF}.Debug|x86.ActiveCfg = Debug|Win32
		{DE0552F1-4EB4-46CC-9558-8ED047676BBF}.Debug|x86.Build.0 = Debug|Win32
		{DE0552F1-4EB4-46CC-9558-8ED047676BBF}.Release|x64.ActiveCfg = Release|x64
		{DE0552F1-4EB4-46CC-9558-8ED047676BBF}.Release|x64.Build.0 = Release|x64
		{DE0552F1-4EB4-46CC-9558-8ED047676BBF}.Release|x86.ActiveCfg = Debug|Win32
		{DE0552F1-4EB4-46CC-9558-8ED047676BBF}.Release|x86.Build.0 = Debug|Win32
	EndGlobalSection
	GlobalSection(SolutionProperties) = preSolution
		HideSolutionNode = FALSE
	EndGlobalSection
	GlobalSection(ExtensibilityGlobals) = postSolution
		SolutionGuid = {04CFEE81-5B96-41AA-8EF0-1A9017669B52}
	EndGlobalSection
EndGlobal
